// !$*UTF8*$!
{
	archiveVersion = 1;
	classes = {
	};
	objectVersion = 48;
	objects = {

/* Begin PBXBuildFile section */
		70B52F45A9A9F4F64949602B /* libPods-SKWebViewControllerDemo.a in Frameworks */ = {isa = PBXBuildFile; fileRef = D119F3CB474F90DFD6A839EC /* libPods-SKWebViewControllerDemo.a */; };
		BC3C62DD1FF25C2700CE0A1B /* SKGradientProgressView.m in Sources */ = {isa = PBXBuildFile; fileRef = BC3C62DC1FF25C2700CE0A1B /* SKGradientProgressView.m */; };
		BCE5F5B11FF0F52C00C401BA /* AppDelegate.m in Sources */ = {isa = PBXBuildFile; fileRef = BCE5F5B01FF0F52C00C401BA /* AppDelegate.m */; };
		BCE5F5B41FF0F52C00C401BA /* ViewController.m in Sources */ = {isa = PBXBuildFile; fileRef = BCE5F5B31FF0F52C00C401BA /* ViewController.m */; };
		BCE5F5B71FF0F52C00C401BA /* Main.storyboard in Resources */ = {isa = PBXBuildFile; fileRef = BCE5F5B51FF0F52C00C401BA /* Main.storyboard */; };
		BCE5F5B91FF0F52C00C401BA /* Assets.xcassets in Resources */ = {isa = PBXBuildFile; fileRef = BCE5F5B81FF0F52C00C401BA /* Assets.xcassets */; };
		BCE5F5BC1FF0F52C00C401BA /* LaunchScreen.storyboard in Resources */ = {isa = PBXBuildFile; fileRef = BCE5F5BA1FF0F52C00C401BA /* LaunchScreen.storyboard */; };
		BCE5F5BF1FF0F52C00C401BA /* main.m in Sources */ = {isa = PBXBuildFile; fileRef = BCE5F5BE1FF0F52C00C401BA /* main.m */; };
		BCE5F5C91FF0FA2000C401BA /* SKWebViewController.m in Sources */ = {isa = PBXBuildFile; fileRef = BCE5F5C81FF0FA2000C401BA /* SKWebViewController.m */; };
/* End PBXBuildFile section */

/* Begin PBXFileReference section */
		3AB73A3C515B4635A23EF004 /* Pods-SKWebViewControllerDemo.debug.xcconfig */ = {isa = PBXFileReference; includeInIndex = 1; lastKnownFileType = text.xcconfig; name = "Pods-SKWebViewControllerDemo.debug.xcconfig"; path = "Pods/Target Support Files/Pods-SKWebViewControllerDemo/Pods-SKWebViewControllerDemo.debug.xcconfig"; sourceTree = "<group>"; };
		5FE5A7D98DCD605AB0C1EA1A /* Pods-SKWebViewControllerDemo.release.xcconfig */ = {isa = PBXFileReference; includeInIndex = 1; lastKnownFileType = text.xcconfig; name = "Pods-SKWebViewControllerDemo.release.xcconfig"; path = "Pods/Target Support Files/Pods-SKWebViewControllerDemo/Pods-SKWebViewControllerDemo.release.xcconfig"; sourceTree = "<group>"; };
		BC3C62DB1FF25C2700CE0A1B /* SKGradientProgressView.h */ = {isa = PBXFileReference; lastKnownFileType = sourcecode.c.h; path = SKGradientProgressView.h; sourceTree = "<group>"; };
		BC3C62DC1FF25C2700CE0A1B /* SKGradientProgressView.m */ = {isa = PBXFileReference; lastKnownFileType = sourcecode.c.objc; path = SKGradientProgressView.m; sourceTree = "<group>"; };
		BCE5F5AC1FF0F52C00C401BA /* SKWebViewControllerDemo.app */ = {isa = PBXFileReference; explicitFileType = wrapper.application; includeInIndex = 0; path = SKWebViewControllerDemo.app; sourceTree = BUILT_PRODUCTS_DIR; };
		BCE5F5AF1FF0F52C00C401BA /* AppDelegate.h */ = {isa = PBXFileReference; lastKnownFileType = sourcecode.c.h; path = AppDelegate.h; sourceTree = "<group>"; };
		BCE5F5B01FF0F52C00C401BA /* AppDelegate.m */ = {isa = PBXFileReference; lastKnownFileType = sourcecode.c.objc; path = AppDelegate.m; sourceTree = "<group>"; };
		BCE5F5B21FF0F52C00C401BA /* ViewController.h */ = {isa = PBXFileReference; lastKnownFileType = sourcecode.c.h; path = ViewController.h; sourceTree = "<group>"; };
		BCE5F5B31FF0F52C00C401BA /* ViewController.m */ = {isa = PBXFileReference; lastKnownFileType = sourcecode.c.objc; path = ViewController.m; sourceTree = "<group>"; };
		BCE5F5B61FF0F52C00C401BA /* Base */ = {isa = PBXFileReference; lastKnownFileType = file.storyboard; name = Base; path = Base.lproj/Main.storyboard; sourceTree = "<group>"; };
		BCE5F5B81FF0F52C00C401BA /* Assets.xcassets */ = {isa = PBXFileReference; lastKnownFileType = folder.assetcatalog; path = Assets.xcassets; sourceTree = "<group>"; };
		BCE5F5BB1FF0F52C00C401BA /* Base */ = {isa = PBXFileReference; lastKnownFileType = file.storyboard; name = Base; path = Base.lproj/LaunchScreen.storyboard; sourceTree = "<group>"; };
		BCE5F5BD1FF0F52C00C401BA /* Info.plist */ = {isa = PBXFileReference; lastKnownFileType = text.plist.xml; path = Info.plist; sourceTree = "<group>"; };
		BCE5F5BE1FF0F52C00C401BA /* main.m */ = {isa = PBXFileReference; lastKnownFileType = sourcecode.c.objc; path = main.m; sourceTree = "<group>"; };
		BCE5F5C71FF0FA2000C401BA /* SKWebViewController.h */ = {isa = PBXFileReference; lastKnownFileType = sourcecode.c.h; path = SKWebViewController.h; sourceTree = "<group>"; };
		BCE5F5C81FF0FA2000C401BA /* SKWebViewController.m */ = {isa = PBXFileReference; lastKnownFileType = sourcecode.c.objc; path = SKWebViewController.m; sourceTree = "<group>"; };
		D119F3CB474F90DFD6A839EC /* libPods-SKWebViewControllerDemo.a */ = {isa = PBXFileReference; explicitFileType = archive.ar; includeInIndex = 0; path = "libPods-SKWebViewControllerDemo.a"; sourceTree = BUILT_PRODUCTS_DIR; };
/* End PBXFileReference section */

/* Begin PBXFrameworksBuildPhase section */
		BCE5F5A91FF0F52C00C401BA /* Frameworks */ = {
			isa = PBXFrameworksBuildPhase;
			buildActionMask = 2147483647;
			files = (
				70B52F45A9A9F4F64949602B /* libPods-SKWebViewControllerDemo.a in Frameworks */,
			);
			runOnlyForDeploymentPostprocessing = 0;
		};
/* End PBXFrameworksBuildPhase section */

/* Begin PBXGroup section */
		02C68D159327FF896FD6D5DD /* Pods */ = {
			isa = PBXGroup;
			children = (
				3AB73A3C515B4635A23EF004 /* Pods-SKWebViewControllerDemo.debug.xcconfig */,
				5FE5A7D98DCD605AB0C1EA1A /* Pods-SKWebViewControllerDemo.release.xcconfig */,
			);
			name = Pods;
			sourceTree = "<group>";
		};
		1808CACA7357AD143ACFB200 /* Frameworks */ = {
			isa = PBXGroup;
			children = (
				D119F3CB474F90DFD6A839EC /* libPods-SKWebViewControllerDemo.a */,
			);
			name = Frameworks;
			sourceTree = "<group>";
		};
		BCE5F5A31FF0F52C00C401BA = {
			isa = PBXGroup;
			children = (
				BCE5F5AE1FF0F52C00C401BA /* SKWebViewControllerDemo */,
				BCE5F5AD1FF0F52C00C401BA /* Products */,
				02C68D159327FF896FD6D5DD /* Pods */,
				1808CACA7357AD143ACFB200 /* Frameworks */,
			);
			sourceTree = "<group>";
		};
		BCE5F5AD1FF0F52C00C401BA /* Products */ = {
			isa = PBXGroup;
			children = (
				BCE5F5AC1FF0F52C00C401BA /* SKWebViewControllerDemo.app */,
			);
			name = Products;
			sourceTree = "<group>";
		};
		BCE5F5AE1FF0F52C00C401BA /* SKWebViewControllerDemo */ = {
			isa = PBXGroup;
			children = (
				BCE5F5AF1FF0F52C00C401BA /* AppDelegate.h */,
				BCE5F5B01FF0F52C00C401BA /* AppDelegate.m */,
				BCE5F5C51FF0F8B000C401BA /* SKWebViewController */,
				BCE5F5C61FF0F8C800C401BA /* Other */,
			);
			path = SKWebViewControllerDemo;
			sourceTree = "<group>";
		};
		BCE5F5C51FF0F8B000C401BA /* SKWebViewController */ = {
			isa = PBXGroup;
			children = (
				BCE5F5C71FF0FA2000C401BA /* SKWebViewController.h */,
				BCE5F5C81FF0FA2000C401BA /* SKWebViewController.m */,
				BC3C62DB1FF25C2700CE0A1B /* SKGradientProgressView.h */,
				BC3C62DC1FF25C2700CE0A1B /* SKGradientProgressView.m */,
			);
			name = SKWebViewController;
			path = ../../SKWebViewController;
			sourceTree = "<group>";
		};
		BCE5F5C61FF0F8C800C401BA /* Other */ = {
			isa = PBXGroup;
			children = (
				BCE5F5B21FF0F52C00C401BA /* ViewController.h */,
				BCE5F5B31FF0F52C00C401BA /* ViewController.m */,
				BCE5F5B51FF0F52C00C401BA /* Main.storyboard */,
				BCE5F5B81FF0F52C00C401BA /* Assets.xcassets */,
				BCE5F5BA1FF0F52C00C401BA /* LaunchScreen.storyboard */,
				BCE5F5BD1FF0F52C00C401BA /* Info.plist */,
				BCE5F5BE1FF0F52C00C401BA /* main.m */,
			);
			path = Other;
			sourceTree = "<group>";
		};
/* End PBXGroup section */

/* Begin PBXNativeTarget section */
		BCE5F5AB1FF0F52C00C401BA /* SKWebViewControllerDemo */ = {
			isa = PBXNativeTarget;
			buildConfigurationList = BCE5F5C21FF0F52C00C401BA /* Build configuration list for PBXNativeTarget "SKWebViewControllerDemo" */;
			buildPhases = (
				CBEA4F67FFC467CC1BFCBDE3 /* [CP] Check Pods Manifest.lock */,
				BCE5F5A81FF0F52C00C401BA /* Sources */,
				BCE5F5A91FF0F52C00C401BA /* Frameworks */,
				BCE5F5AA1FF0F52C00C401BA /* Resources */,
				A27C072FDA3985A85B65C900 /* [CP] Embed Pods Frameworks */,
				35E3E35F8163337DFE5B8125 /* [CP] Copy Pods Resources */,
			);
			buildRules = (
			);
			dependencies = (
			);
			name = SKWebViewControllerDemo;
			productName = SKWebViewControllerDemo;
			productReference = BCE5F5AC1FF0F52C00C401BA /* SKWebViewControllerDemo.app */;
			productType = "com.apple.product-type.application";
		};
/* End PBXNativeTarget section */

/* Begin PBXProject section */
		BCE5F5A41FF0F52C00C401BA /* Project object */ = {
			isa = PBXProject;
			attributes = {
				LastUpgradeCheck = 0920;
				ORGANIZATIONNAME = KUN;
				TargetAttributes = {
					BCE5F5AB1FF0F52C00C401BA = {
						CreatedOnToolsVersion = 9.2;
						ProvisioningStyle = Automatic;
					};
				};
			};
			buildConfigurationList = BCE5F5A71FF0F52C00C401BA /* Build configuration list for PBXProject "SKWebViewControllerDemo" */;
			compatibilityVersion = "Xcode 8.0";
			developmentRegion = en;
			hasScannedForEncodings = 0;
			knownRegions = (
				en,
				Base,
			);
			mainGroup = BCE5F5A31FF0F52C00C401BA;
			productRefGroup = BCE5F5AD1FF0F52C00C401BA /* Products */;
			projectDirPath = "";
			projectRoot = "";
			targets = (
				BCE5F5AB1FF0F52C00C401BA /* SKWebViewControllerDemo */,
			);
		};
/* End PBXProject section */

/* Begin PBXResourcesBuildPhase section */
		BCE5F5AA1FF0F52C00C401BA /* Resources */ = {
			isa = PBXResourcesBuildPhase;
			buildActionMask = 2147483647;
			files = (
				BCE5F5BC1FF0F52C00C401BA /* LaunchScreen.storyboard in Resources */,
				BCE5F5B91FF0F52C00C401BA /* Assets.xcassets in Resources */,
				BCE5F5B71FF0F52C00C401BA /* Main.storyboard in Resources */,
			);
			runOnlyForDeploymentPostprocessing = 0;
		};
/* End PBXResourcesBuildPhase section */

/* Begin PBXShellScriptBuildPhase section */
		35E3E35F8163337DFE5B8125 /* [CP] Copy Pods Resources */ = {
			isa = PBXShellScriptBuildPhase;
			buildActionMask = 2147483647;
			files = (
			);
			inputPaths = (
			);
			name = "[CP] Copy Pods Resources";
			outputPaths = (
			);
			runOnlyForDeploymentPostprocessing = 0;
			shellPath = /bin/sh;
			shellScript = "\"${SRCROOT}/Pods/Target Support Files/Pods-SKWebViewControllerDemo/Pods-SKWebViewControllerDemo-resources.sh\"\n";
			showEnvVarsInLog = 0;
		};
		A27C072FDA3985A85B65C900 /* [CP] Embed Pods Frameworks */ = {
			isa = PBXShellScriptBuildPhase;
			buildActionMask = 2147483647;
			files = (
			);
			inputPaths = (
			);
			name = "[CP] Embed Pods Frameworks";
			outputPaths = (
			);
			runOnlyForDeploymentPostprocessing = 0;
			shellPath = /bin/sh;
			shellScript = "\"${SRCROOT}/Pods/Target Support Files/Pods-SKWebViewControllerDemo/Pods-SKWebViewControllerDemo-frameworks.sh\"\n";
			showEnvVarsInLog = 0;
		};
		CBEA4F67FFC467CC1BFCBDE3 /* [CP] Check Pods Manifest.lock */ = {
			isa = PBXShellScriptBuildPhase;
			buildActionMask = 2147483647;
			files = (
			);
			inputPaths = (
				"${PODS_PODFILE_DIR_PATH}/Podfile.lock",
				"${PODS_ROOT}/Manifest.lock",
			);
			name = "[CP] Check Pods Manifest.lock";
			outputPaths = (
				"$(DERIVED_FILE_DIR)/Pods-SKWebViewControllerDemo-checkManifestLockResult.txt",
			);
			runOnlyForDeploymentPostprocessing = 0;
			shellPath = /bin/sh;
			shellScript = "diff \"${PODS_PODFILE_DIR_PATH}/Podfile.lock\" \"${PODS_ROOT}/Manifest.lock\" > /dev/null\nif [ $? != 0 ] ; then\n    # print error to STDERR\n    echo \"error: The sandbox is not in sync with the Podfile.lock. Run 'pod install' or update your CocoaPods installation.\" >&2\n    exit 1\nfi\n# This output is used by Xcode 'outputs' to avoid re-running this script phase.\necho \"SUCCESS\" > \"${SCRIPT_OUTPUT_FILE_0}\"\n";
			showEnvVarsInLog = 0;
		};
/* End PBXShellScriptBuildPhase section */

/* Begin PBXSourcesBuildPhase section */
		BCE5F5A81FF0F52C00C401BA /* Sources */ = {
			isa = PBXSourcesBuildPhase;
			buildActionMask = 2147483647;
			files = (
				BCE5F5B41FF0F52C00C401BA /* ViewController.m in Sources */,
				BCE5F5BF1FF0F52C00C401BA /* main.m in Sources */,
				BC3C62DD1FF25C2700CE0A1B /* SKGradientProgressView.m in Sources */,
				BCE5F5B11FF0F52C00C401BA /* AppDelegate.m in Sources */,
				BCE5F5C91FF0FA2000C401BA /* SKWebViewController.m in Sources */,
			);
			runOnlyForDeploymentPostprocessing = 0;
		};
/* End PBXSourcesBuildPhase section */

/* Begin PBXVariantGroup section */
		BCE5F5B51FF0F52C00C401BA /* Main.storyboard */ = {
			isa = PBXVariantGroup;
			children = (
				BCE5F5B61FF0F52C00C401BA /* Base */,
			);
			name = Main.storyboard;
			sourceTree = "<group>";
		};
		BCE5F5BA1FF0F52C00C401BA /* LaunchScreen.storyboard */ = {
			isa = PBXVariantGroup;
			children = (
				BCE5F5BB1FF0F52C00C401BA /* Base */,
			);
			name = LaunchScreen.storyboard;
			sourceTree = "<group>";
		};
/* End PBXVariantGroup section */

/* Begin XCBuildConfiguration section */
		BCE5F5C01FF0F52C00C401BA /* Debug */ = {
			isa = XCBuildConfiguration;
			buildSettings = {
				ALWAYS_SEARCH_USER_PATHS = NO;
				CLANG_ANALYZER_NONNULL = YES;
				CLANG_ANALYZER_NUMBER_OBJECT_CONVERSION = YES_AGGRESSIVE;
				CLANG_CXX_LANGUAGE_STANDARD = "gnu++14";
				CLANG_CXX_LIBRARY = "libc++";
				CLANG_ENABLE_MODULES = YES;
				CLANG_ENABLE_OBJC_ARC = YES;
				CLANG_WARN_BLOCK_CAPTURE_AUTORELEASING = YES;
				CLANG_WARN_BOOL_CONVERSION = YES;
				CLANG_WARN_COMMA = YES;
				CLANG_WARN_CONSTANT_CONVERSION = YES;
				CLANG_WARN_DIRECT_OBJC_ISA_USAGE = YES_ERROR;
				CLANG_WARN_DOCUMENTATION_COMMENTS = YES;
				CLANG_WARN_EMPTY_BODY = YES;
				CLANG_WARN_ENUM_CONVERSION = YES;
				CLANG_WARN_INFINITE_RECURSION = YES;
				CLANG_WARN_INT_CONVERSION = YES;
				CLANG_WARN_NON_LITERAL_NULL_CONVERSION = YES;
				CLANG_WARN_OBJC_LITERAL_CONVERSION = YES;
				CLANG_WARN_OBJC_ROOT_CLASS = YES_ERROR;
				CLANG_WARN_RANGE_LOOP_ANALYSIS = YES;
				CLANG_WARN_STRICT_PROTOTYPES = YES;
				CLANG_WARN_SUSPICIOUS_MOVE = YES;
				CLANG_WARN_UNGUARDED_AVAILABILITY = YES_AGGRESSIVE;
				CLANG_WARN_UNREACHABLE_CODE = YES;
				CLANG_WARN__DUPLICATE_METHOD_MATCH = YES;
				CODE_SIGN_IDENTITY = "iPhone Developer";
				COPY_PHASE_STRIP = NO;
				DEBUG_INFORMATION_FORMAT = dwarf;
				ENABLE_STRICT_OBJC_MSGSEND = YES;
				ENABLE_TESTABILITY = YES;
				GCC_C_LANGUAGE_STANDARD = gnu11;
				GCC_DYNAMIC_NO_PIC = NO;
				GCC_NO_COMMON_BLOCKS = YES;
				GCC_OPTIMIZATION_LEVEL = 0;
				GCC_PREPROCESSOR_DEFINITIONS = (
					"DEBUG=1",
					"$(inherited)",
				);
				GCC_WARN_64_TO_32_BIT_CONVERSION = YES;
				GCC_WARN_ABOUT_RETURN_TYPE = YES_ERROR;
				GCC_WARN_UNDECLARED_SELECTOR = YES;
				GCC_WARN_UNINITIALIZED_AUTOS = YES_AGGRESSIVE;
				GCC_WARN_UNUSED_FUNCTION = YES;
				GCC_WARN_UNUSED_VARIABLE = YES;
				IPHONEOS_DEPLOYMENT_TARGET = 11.2;
				MTL_ENABLE_DEBUG_INFO = YES;
				ONLY_ACTIVE_ARCH = YES;
				SDKROOT = iphoneos;
			};
			name = Debug;
		};
		BCE5F5C11FF0F52C00C401BA /* Release */ = {
			isa = XCBuildConfiguration;
			buildSettings = {
				ALWAYS_SEARCH_USER_PATHS = NO;
				CLANG_ANALYZER_NONNULL = YES;
				CLANG_ANALYZER_NUMBER_OBJECT_CONVERSION = YES_AGGRESSIVE;
				CLANG_CXX_LANGUAGE_STANDARD = "gnu++14";
				CLANG_CXX_LIBRARY = "libc++";
				CLANG_ENABLE_MODULES = YES;
				CLANG_ENABLE_OBJC_ARC = YES;
				CLANG_WARN_BLOCK_CAPTURE_AUTORELEASING = YES;
				CLANG_WARN_BOOL_CONVERSION = YES;
				CLANG_WARN_COMMA = YES;
				CLANG_WARN_CONSTANT_CONVERSION = YES;
				CLANG_WARN_DIRECT_OBJC_ISA_USAGE = YES_ERROR;
				CLANG_WARN_DOCUMENTATION_COMMENTS = YES;
				CLANG_WARN_EMPTY_BODY = YES;
				CLANG_WARN_ENUM_CONVERSION = YES;
				CLANG_WARN_INFINITE_RECURSION = YES;
				CLANG_WARN_INT_CONVERSION = YES;
				CLANG_WARN_NON_LITERAL_NULL_CONVERSION = YES;
				CLANG_WARN_OBJC_LITERAL_CONVERSION = YES;
				CLANG_WARN_OBJC_ROOT_CLASS = YES_ERROR;
				CLANG_WARN_RANGE_LOOP_ANALYSIS = YES;
				CLANG_WARN_STRICT_PROTOTYPES = YES;
				CLANG_WARN_SUSPICIOUS_MOVE = YES;
				CLANG_WARN_UNGUARDED_AVAILABILITY = YES_AGGRESSIVE;
				CLANG_WARN_UNREACHABLE_CODE = YES;
				CLANG_WARN__DUPLICATE_METHOD_MATCH = YES;
				CODE_SIGN_IDENTITY = "iPhone Developer";
				COPY_PHASE_STRIP = NO;
				DEBUG_INFORMATION_FORMAT = "dwarf-with-dsym";
				ENABLE_NS_ASSERTIONS = NO;
				ENABLE_STRICT_OBJC_MSGSEND = YES;
				GCC_C_LANGUAGE_STANDARD = gnu11;
				GCC_NO_COMMON_BLOCKS = YES;
				GCC_WARN_64_TO_32_BIT_CONVERSION = YES;
				GCC_WARN_ABOUT_RETURN_TYPE = YES_ERROR;
				GCC_WARN_UNDECLARED_SELECTOR = YES;
				GCC_WARN_UNINITIALIZED_AUTOS = YES_AGGRESSIVE;
				GCC_WARN_UNUSED_FUNCTION = YES;
				GCC_WARN_UNUSED_VARIABLE = YES;
				IPHONEOS_DEPLOYMENT_TARGET = 11.2;
				MTL_ENABLE_DEBUG_INFO = NO;
				SDKROOT = iphoneos;
				VALIDATE_PRODUCT = YES;
			};
			name = Release;
		};
		BCE5F5C31FF0F52C00C401BA /* Debug */ = {
			isa = XCBuildConfiguration;
			baseConfigurationReference = 3AB73A3C515B4635A23EF004 /* Pods-SKWebViewControllerDemo.debug.xcconfig */;
			buildSettings = {
				ASSETCATALOG_COMPILER_APPICON_NAME = AppIcon;
				CODE_SIGN_STYLE = Automatic;
				DEVELOPMENT_TEAM = VZQR35B6NE;
				INFOPLIST_FILE = "$(SRCROOT)/SKWebViewControllerDemo/Other/Info.plist";
				IPHONEOS_DEPLOYMENT_TARGET = 9.0;
				LD_RUNPATH_SEARCH_PATHS = "$(inherited) @executable_path/Frameworks";
				PRODUCT_BUNDLE_IDENTIFIER = lemon.SKWebViewControllerDemo;
				PRODUCT_NAME = "$(TARGET_NAME)";
				TARGETED_DEVICE_FAMILY = "1,2";
			};
			name = Debug;
		};
		BCE5F5C41FF0F52C00C401BA /* Release */ = {
			isa = XCBuildConfiguration;
			baseConfigurationReference = 5FE5A7D98DCD605AB0C1EA1A /* Pods-SKWebViewControllerDemo.release.xcconfig */;
			buildSettings = {
				ASSETCATALOG_COMPILER_APPICON_NAME = AppIcon;
				CODE_SIGN_STYLE = Automatic;
				DEVELOPMENT_TEAM = VZQR35B6NE;
				INFOPLIST_FILE = "$(SRCROOT)/SKWebViewControllerDemo/Other/Info.plist";
				IPHONEOS_DEPLOYMENT_TARGET = 9.0;
				LD_RUNPATH_SEARCH_PATHS = "$(inherited) @executable_path/Frameworks";
				PRODUCT_BUNDLE_IDENTIFIER = lemon.SKWebViewControllerDemo;
				PRODUCT_NAME = "$(TARGET_NAME)";
				TARGETED_DEVICE_FAMILY = "1,2";
			};
			name = Release;
		};
/* End XCBuildConfiguration section */

/* Begin XCConfigurationList section */
		BCE5F5A71FF0F52C00C401BA /* Build configuration list for PBXProject "SKWebViewControllerDemo" */ = {
			isa = XCConfigurationList;
			buildConfigurations = (
				BCE5F5C01FF0F52C00C401BA /* Debug */,
				BCE5F5C11FF0F52C00C401BA /* Release */,
			);
			defaultConfigurationIsVisible = 0;
			defaultConfigurationName = Release;
		};
		BCE5F5C21FF0F52C00C401BA /* Build configuration list for PBXNativeTarget "SKWebViewControllerDemo" */ = {
			isa = XCConfigurationList;
			buildConfigurations = (
				BCE5F5C31FF0F52C00C401BA /* Debug */,
				BCE5F5C41FF0F52C00C401BA /* Release */,
			);
			defaultConfigurationIsVisible = 0;
			defaultConfigurationName = Release;
		};
/* End XCConfigurationList section */
	};
	rootObject = BCE5F5A41FF0F52C00C401BA /* Project object */;
}
